// !$*UTF8*$!
{
	archiveVersion = 1;
	classes = {
	};
	objectVersion = 46;
	objects = {

/* Begin PBXBuildFile section */
		26B64EF81B6135890070186C /* Wave.swift in Sources */ = {isa = PBXBuildFile; fileRef = 26B64EF71B6135890070186C /* Wave.swift */; };
		26B64EFA1B6135C00070186C /* WaveLayer.swift in Sources */ = {isa = PBXBuildFile; fileRef = 26B64EF91B6135C00070186C /* WaveLayer.swift */; };
		26FA52D31B61290A00E2811D /* WaveLayerTests.swift in Sources */ = {isa = PBXBuildFile; fileRef = 26FA52D21B61290A00E2811D /* WaveLayerTests.swift */; };
		26FA52E51B612A4F00E2811D /* AppDelegate.swift in Sources */ = {isa = PBXBuildFile; fileRef = 26FA52DD1B612A4F00E2811D /* AppDelegate.swift */; };
		26FA52E61B612A4F00E2811D /* LaunchScreen.xib in Resources */ = {isa = PBXBuildFile; fileRef = 26FA52DE1B612A4F00E2811D /* LaunchScreen.xib */; };
		26FA52E71B612A4F00E2811D /* Main.storyboard in Resources */ = {isa = PBXBuildFile; fileRef = 26FA52E01B612A4F00E2811D /* Main.storyboard */; };
		26FA52E81B612A4F00E2811D /* Images.xcassets in Resources */ = {isa = PBXBuildFile; fileRef = 26FA52E21B612A4F00E2811D /* Images.xcassets */; };
		26FA52E91B612A4F00E2811D /* Info.plist in Resources */ = {isa = PBXBuildFile; fileRef = 26FA52E31B612A4F00E2811D /* Info.plist */; };
		26FA52EA1B612A4F00E2811D /* ViewController.swift in Sources */ = {isa = PBXBuildFile; fileRef = 26FA52E41B612A4F00E2811D /* ViewController.swift */; };
/* End PBXBuildFile section */

/* Begin PBXContainerItemProxy section */
		26FA52CD1B61290A00E2811D /* PBXContainerItemProxy */ = {
			isa = PBXContainerItemProxy;
			containerPortal = 26FA52AF1B61290A00E2811D /* Project object */;
			proxyType = 1;
			remoteGlobalIDString = 26FA52B61B61290A00E2811D;
			remoteInfo = WaveLayer;
		};
/* End PBXContainerItemProxy section */

/* Begin PBXFileReference section */
		26B64EF71B6135890070186C /* Wave.swift */ = {isa = PBXFileReference; fileEncoding = 4; lastKnownFileType = sourcecode.swift; path = Wave.swift; sourceTree = "<group>"; };
		26B64EF91B6135C00070186C /* WaveLayer.swift */ = {isa = PBXFileReference; fileEncoding = 4; lastKnownFileType = sourcecode.swift; path = WaveLayer.swift; sourceTree = "<group>"; };
		26FA52B71B61290A00E2811D /* RippleLayer.app */ = {isa = PBXFileReference; explicitFileType = wrapper.application; includeInIndex = 0; path = RippleLayer.app; sourceTree = BUILT_PRODUCTS_DIR; };
		26FA52CC1B61290A00E2811D /* RippleLayerTests.xctest */ = {isa = PBXFileReference; explicitFileType = wrapper.cfbundle; includeInIndex = 0; path = RippleLayerTests.xctest; sourceTree = BUILT_PRODUCTS_DIR; };
		26FA52D11B61290A00E2811D /* Info.plist */ = {isa = PBXFileReference; lastKnownFileType = text.plist.xml; path = Info.plist; sourceTree = "<group>"; };
		26FA52D21B61290A00E2811D /* WaveLayerTests.swift */ = {isa = PBXFileReference; lastKnownFileType = sourcecode.swift; path = WaveLayerTests.swift; sourceTree = "<group>"; };
		26FA52DD1B612A4F00E2811D /* AppDelegate.swift */ = {isa = PBXFileReference; fileEncoding = 4; lastKnownFileType = sourcecode.swift; path = AppDelegate.swift; sourceTree = "<group>"; };
		26FA52DF1B612A4F00E2811D /* Base */ = {isa = PBXFileReference; lastKnownFileType = file.xib; name = Base; path = Base.lproj/LaunchScreen.xib; sourceTree = "<group>"; };
		26FA52E11B612A4F00E2811D /* Base */ = {isa = PBXFileReference; lastKnownFileType = file.storyboard; name = Base; path = Base.lproj/Main.storyboard; sourceTree = "<group>"; };
		26FA52E21B612A4F00E2811D /* Images.xcassets */ = {isa = PBXFileReference; lastKnownFileType = folder.assetcatalog; path = Images.xcassets; sourceTree = "<group>"; };
		26FA52E31B612A4F00E2811D /* Info.plist */ = {isa = PBXFileReference; fileEncoding = 4; lastKnownFileType = text.plist.xml; path = Info.plist; sourceTree = "<group>"; };
		26FA52E41B612A4F00E2811D /* ViewController.swift */ = {isa = PBXFileReference; fileEncoding = 4; lastKnownFileType = sourcecode.swift; path = ViewController.swift; sourceTree = "<group>"; };
/* End PBXFileReference section */

/* Begin PBXFrameworksBuildPhase section */
		26FA52B41B61290A00E2811D /* Frameworks */ = {
			isa = PBXFrameworksBuildPhase;
			buildActionMask = 2147483647;
			files = (
			);
			runOnlyForDeploymentPostprocessing = 0;
		};
		26FA52C91B61290A00E2811D /* Frameworks */ = {
			isa = PBXFrameworksBuildPhase;
			buildActionMask = 2147483647;
			files = (
			);
			runOnlyForDeploymentPostprocessing = 0;
		};
/* End PBXFrameworksBuildPhase section */

/* Begin PBXGroup section */
		26B64EF61B6135820070186C /* Sources */ = {
			isa = PBXGroup;
			children = (
				26B64EF71B6135890070186C /* Wave.swift */,
				26B64EF91B6135C00070186C /* WaveLayer.swift */,
			);
			path = Sources;
			sourceTree = "<group>";
		};
		26FA52AE1B61290A00E2811D = {
			isa = PBXGroup;
			children = (
				26FA52DC1B612A4F00E2811D /* Examples */,
				26B64EF61B6135820070186C /* Sources */,
				26FA52CF1B61290A00E2811D /* WaveLayerTests */,
				26FA52B81B61290A00E2811D /* Products */,
			);
			sourceTree = "<group>";
		};
		26FA52B81B61290A00E2811D /* Products */ = {
			isa = PBXGroup;
			children = (
				26FA52B71B61290A00E2811D /* RippleLayer.app */,
				26FA52CC1B61290A00E2811D /* RippleLayerTests.xctest */,
			);
			name = Products;
			sourceTree = "<group>";
		};
		26FA52CF1B61290A00E2811D /* WaveLayerTests */ = {
			isa = PBXGroup;
			children = (
				26FA52D21B61290A00E2811D /* WaveLayerTests.swift */,
				26FA52D01B61290A00E2811D /* Supporting Files */,
			);
			path = WaveLayerTests;
			sourceTree = "<group>";
		};
		26FA52D01B61290A00E2811D /* Supporting Files */ = {
			isa = PBXGroup;
			children = (
				26FA52D11B61290A00E2811D /* Info.plist */,
			);
			name = "Supporting Files";
			sourceTree = "<group>";
		};
		26FA52DC1B612A4F00E2811D /* Examples */ = {
			isa = PBXGroup;
			children = (
				26FA52DD1B612A4F00E2811D /* AppDelegate.swift */,
				26FA52DE1B612A4F00E2811D /* LaunchScreen.xib */,
				26FA52E01B612A4F00E2811D /* Main.storyboard */,
				26FA52E21B612A4F00E2811D /* Images.xcassets */,
				26FA52E31B612A4F00E2811D /* Info.plist */,
				26FA52E41B612A4F00E2811D /* ViewController.swift */,
			);
			path = Examples;
			sourceTree = "<group>";
		};
/* End PBXGroup section */

/* Begin PBXNativeTarget section */
		26FA52B61B61290A00E2811D /* RippleLayer */ = {
			isa = PBXNativeTarget;
			buildConfigurationList = 26FA52D61B61290A00E2811D /* Build configuration list for PBXNativeTarget "RippleLayer" */;
			buildPhases = (
				26FA52B31B61290A00E2811D /* Sources */,
				26FA52B41B61290A00E2811D /* Frameworks */,
				26FA52B51B61290A00E2811D /* Resources */,
			);
			buildRules = (
			);
			dependencies = (
			);
			name = RippleLayer;
			productName = WaveLayer;
			productReference = 26FA52B71B61290A00E2811D /* RippleLayer.app */;
			productType = "com.apple.product-type.application";
		};
		26FA52CB1B61290A00E2811D /* RippleLayerTests */ = {
			isa = PBXNativeTarget;
			buildConfigurationList = 26FA52D91B61290A00E2811D /* Build configuration list for PBXNativeTarget "RippleLayerTests" */;
			buildPhases = (
				26FA52C81B61290A00E2811D /* Sources */,
				26FA52C91B61290A00E2811D /* Frameworks */,
				26FA52CA1B61290A00E2811D /* Resources */,
			);
			buildRules = (
			);
			dependencies = (
				26FA52CE1B61290A00E2811D /* PBXTargetDependency */,
			);
			name = RippleLayerTests;
			productName = WaveLayerTests;
			productReference = 26FA52CC1B61290A00E2811D /* RippleLayerTests.xctest */;
			productType = "com.apple.product-type.bundle.unit-test";
		};
/* End PBXNativeTarget section */

/* Begin PBXProject section */
		26FA52AF1B61290A00E2811D /* Project object */ = {
			isa = PBXProject;
			attributes = {
				LastUpgradeCheck = 0630;
				ORGANIZATIONNAME = hadashikick;
				TargetAttributes = {
					26FA52B61B61290A00E2811D = {
						CreatedOnToolsVersion = 6.3.2;
					};
					26FA52CB1B61290A00E2811D = {
						CreatedOnToolsVersion = 6.3.2;
						TestTargetID = 26FA52B61B61290A00E2811D;
					};
				};
			};
			buildConfigurationList = 26FA52B21B61290A00E2811D /* Build configuration list for PBXProject "RippleLayer" */;
			compatibilityVersion = "Xcode 3.2";
			developmentRegion = English;
			hasScannedForEncodings = 0;
			knownRegions = (
				en,
				Base,
			);
			mainGroup = 26FA52AE1B61290A00E2811D;
			productRefGroup = 26FA52B81B61290A00E2811D /* Products */;
			projectDirPath = "";
			projectRoot = "";
			targets = (
				26FA52B61B61290A00E2811D /* RippleLayer */,
				26FA52CB1B61290A00E2811D /* RippleLayerTests */,
			);
		};
/* End PBXProject section */

/* Begin PBXResourcesBuildPhase section */
		26FA52B51B61290A00E2811D /* Resources */ = {
			isa = PBXResourcesBuildPhase;
			buildActionMask = 2147483647;
			files = (
				26FA52E91B612A4F00E2811D /* Info.plist in Resources */,
				26FA52E81B612A4F00E2811D /* Images.xcassets in Resources */,
				26FA52E61B612A4F00E2811D /* LaunchScreen.xib in Resources */,
				26FA52E71B612A4F00E2811D /* Main.storyboard in Resources */,
			);
			runOnlyForDeploymentPostprocessing = 0;
		};
		26FA52CA1B61290A00E2811D /* Resources */ = {
			isa = PBXResourcesBuildPhase;
			buildActionMask = 2147483647;
			files = (
			);
			runOnlyForDeploymentPostprocessing = 0;
		};
/* End PBXResourcesBuildPhase section */

/* Begin PBXSourcesBuildPhase section */
		26FA52B31B61290A00E2811D /* Sources */ = {
			isa = PBXSourcesBuildPhase;
			buildActionMask = 2147483647;
			files = (
				26B64EF81B6135890070186C /* Wave.swift in Sources */,
				26FA52EA1B612A4F00E2811D /* ViewController.swift in Sources */,
				26B64EFA1B6135C00070186C /* WaveLayer.swift in Sources */,
				26FA52E51B612A4F00E2811D /* AppDelegate.swift in Sources */,
			);
			runOnlyForDeploymentPostprocessing = 0;
		};
		26FA52C81B61290A00E2811D /* Sources */ = {
			isa = PBXSourcesBuildPhase;
			buildActionMask = 2147483647;
			files = (
				26FA52D31B61290A00E2811D /* WaveLayerTests.swift in Sources */,
			);
			runOnlyForDeploymentPostprocessing = 0;
		};
/* End PBXSourcesBuildPhase section */

/* Begin PBXTargetDependency section */
		26FA52CE1B61290A00E2811D /* PBXTargetDependency */ = {
			isa = PBXTargetDependency;
			target = 26FA52B61B61290A00E2811D /* RippleLayer */;
			targetProxy = 26FA52CD1B61290A00E2811D /* PBXContainerItemProxy */;
		};
/* End PBXTargetDependency section */

/* Begin PBXVariantGroup section */
		26FA52DE1B612A4F00E2811D /* LaunchScreen.xib */ = {
			isa = PBXVariantGroup;
			children = (
				26FA52DF1B612A4F00E2811D /* Base */,
			);
			name = LaunchScreen.xib;
			sourceTree = "<group>";
		};
		26FA52E01B612A4F00E2811D /* Main.storyboard */ = {
			isa = PBXVariantGroup;
			children = (
				26FA52E11B612A4F00E2811D /* Base */,
			);
			name = Main.storyboard;
			sourceTree = "<group>";
		};
/* End PBXVariantGroup section */

/* Begin XCBuildConfiguration section */
		26FA52D41B61290A00E2811D /* Debug */ = {
			isa = XCBuildConfiguration;
			buildSettings = {
				ALWAYS_SEARCH_USER_PATHS = NO;
				CLANG_CXX_LANGUAGE_STANDARD = "gnu++0x";
				CLANG_CXX_LIBRARY = "libc++";
				CLANG_ENABLE_MODULES = YES;
				CLANG_ENABLE_OBJC_ARC = YES;
				CLANG_WARN_BOOL_CONVERSION = YES;
				CLANG_WARN_CONSTANT_CONVERSION = YES;
				CLANG_WARN_DIRECT_OBJC_ISA_USAGE = YES_ERROR;
				CLANG_WARN_EMPTY_BODY = YES;
				CLANG_WARN_ENUM_CONVERSION = YES;
				CLANG_WARN_INT_CONVERSION = YES;
				CLANG_WARN_OBJC_ROOT_CLASS = YES_ERROR;
				CLANG_WARN_UNREACHABLE_CODE = YES;
				CLANG_WARN__DUPLICATE_METHOD_MATCH = YES;
				"CODE_SIGN_IDENTITY[sdk=iphoneos*]" = "iPhone Developer";
				COPY_PHASE_STRIP = NO;
				DEBUG_INFORMATION_FORMAT = "dwarf-with-dsym";
				ENABLE_STRICT_OBJC_MSGSEND = YES;
				GCC_C_LANGUAGE_STANDARD = gnu99;
				GCC_DYNAMIC_NO_PIC = NO;
				GCC_NO_COMMON_BLOCKS = YES;
				GCC_OPTIMIZATION_LEVEL = 0;
				GCC_PREPROCESSOR_DEFINITIONS = (
					"DEBUG=1",
					"$(inherited)",
				);
				GCC_SYMBOLS_PRIVATE_EXTERN = NO;
				GCC_WARN_64_TO_32_BIT_CONVERSION = YES;
				GCC_WARN_ABOUT_RETURN_TYPE = YES_ERROR;
				GCC_WARN_UNDECLARED_SELECTOR = YES;
				GCC_WARN_UNINITIALIZED_AUTOS = YES_AGGRESSIVE;
				GCC_WARN_UNUSED_FUNCTION = YES;
				GCC_WARN_UNUSED_VARIABLE = YES;
				IPHONEOS_DEPLOYMENT_TARGET = 8.3;
				MTL_ENABLE_DEBUG_INFO = YES;
				ONLY_ACTIVE_ARCH = YES;
				SDKROOT = iphoneos;
				SWIFT_OPTIMIZATION_LEVEL = "-Onone";
			};
			name = Debug;
		};
		26FA52D51B61290A00E2811D /* Release */ = {
			isa = XCBuildConfiguration;
			buildSettings = {
				ALWAYS_SEARCH_USER_PATHS = NO;
				CLANG_CXX_LANGUAGE_STANDARD = "gnu++0x";
				CLANG_CXX_LIBRARY = "libc++";
				CLANG_ENABLE_MODULES = YES;
				CLANG_ENABLE_OBJC_ARC = YES;
				CLANG_WARN_BOOL_CONVERSION = YES;
				CLANG_WARN_CONSTANT_CONVERSION = YES;
				CLANG_WARN_DIRECT_OBJC_ISA_USAGE = YES_ERROR;
				CLANG_WARN_EMPTY_BODY = YES;
				CLANG_WARN_ENUM_CONVERSION = YES;
				CLANG_WARN_INT_CONVERSION = YES;
				CLANG_WARN_OBJC_ROOT_CLASS = YES_ERROR;
				CLANG_WARN_UNREACHABLE_CODE = YES;
				CLANG_WARN__DUPLICATE_METHOD_MATCH = YES;
				"CODE_SIGN_IDENTITY[sdk=iphoneos*]" = "iPhone Developer";
				COPY_PHASE_STRIP = NO;
				DEBUG_INFORMATION_FORMAT = "dwarf-with-dsym";
				ENABLE_NS_ASSERTIONS = NO;
				ENABLE_STRICT_OBJC_MSGSEND = YES;
				GCC_C_LANGUAGE_STANDARD = gnu99;
				GCC_NO_COMMON_BLOCKS = YES;
				GCC_WARN_64_TO_32_BIT_CONVERSION = YES;
				GCC_WARN_ABOUT_RETURN_TYPE = YES_ERROR;
				GCC_WARN_UNDECLARED_SELECTOR = YES;
				GCC_WARN_UNINITIALIZED_AUTOS = YES_AGGRESSIVE;
				GCC_WARN_UNUSED_FUNCTION = YES;
				GCC_WARN_UNUSED_VARIABLE = YES;
				IPHONEOS_DEPLOYMENT_TARGET = 8.3;
				MTL_ENABLE_DEBUG_INFO = NO;
				SDKROOT = iphoneos;
				VALIDATE_PRODUCT = YES;
			};
			name = Release;
		};
		26FA52D71B61290A00E2811D /* Debug */ = {
			isa = XCBuildConfiguration;
			buildSettings = {
				ASSETCATALOG_COMPILER_APPICON_NAME = AppIcon;
				INFOPLIST_FILE = Examples/Info.plist;
				LD_RUNPATH_SEARCH_PATHS = "$(inherited) @executable_path/Frameworks";
				PRODUCT_NAME = RippleLayer;
			};
			name = Debug;
		};
		26FA52D81B61290A00E2811D /* Release */ = {
			isa = XCBuildConfiguration;
			buildSettings = {
				ASSETCATALOG_COMPILER_APPICON_NAME = AppIcon;
				INFOPLIST_FILE = Examples/Info.plist;
				LD_RUNPATH_SEARCH_PATHS = "$(inherited) @executable_path/Frameworks";
				PRODUCT_NAME = RippleLayer;
			};
			name = Release;
		};
		26FA52DA1B61290A00E2811D /* Debug */ = {
			isa = XCBuildConfiguration;
			buildSettings = {
				BUNDLE_LOADER = "$(TEST_HOST)";
				FRAMEWORK_SEARCH_PATHS = (
					"$(SDKROOT)/Developer/Library/Frameworks",
					"$(inherited)",
				);
				GCC_PREPROCESSOR_DEFINITIONS = (
					"DEBUG=1",
					"$(inherited)",
				);
				INFOPLIST_FILE = WaveLayerTests/Info.plist;
				LD_RUNPATH_SEARCH_PATHS = "$(inherited) @executable_path/Frameworks @loader_path/Frameworks";
				PRODUCT_NAME = RippleLayerTests;
				TEST_HOST = "$(BUILT_PRODUCTS_DIR)/RippleLayer.app/RippleLayer";
			};
			name = Debug;
		};
		26FA52DB1B61290A00E2811D /* Release */ = {
			isa = XCBuildConfiguration;
			buildSettings = {
				BUNDLE_LOADER = "$(TEST_HOST)";
				FRAMEWORK_SEARCH_PATHS = (
					"$(SDKROOT)/Developer/Library/Frameworks",
					"$(inherited)",
				);
				INFOPLIST_FILE = WaveLayerTests/Info.plist;
				LD_RUNPATH_SEARCH_PATHS = "$(inherited) @executable_path/Frameworks @loader_path/Frameworks";
				PRODUCT_NAME = RippleLayerTests;
				TEST_HOST = "$(BUILT_PRODUCTS_DIR)/RippleLayer.app/RippleLayer";
			};
			name = Release;
		};
/* End XCBuildConfiguration section */

/* Begin XCConfigurationList section */
		26FA52B21B61290A00E2811D /* Build configuration list for PBXProject "RippleLayer" */ = {
			isa = XCConfigurationList;
			buildConfigurations = (
				26FA52D41B61290A00E2811D /* Debug */,
				26FA52D51B61290A00E2811D /* Release */,
			);
			defaultConfigurationIsVisible = 0;
			defaultConfigurationName = Release;
		};
		26FA52D61B61290A00E2811D /* Build configuration list for PBXNativeTarget "RippleLayer" */ = {
			isa = XCConfigurationList;
			buildConfigurations = (
				26FA52D71B61290A00E2811D /* Debug */,
				26FA52D81B61290A00E2811D /* Release */,
			);
			defaultConfigurationIsVisible = 0;
			defaultConfigurationName = Release;
		};
		26FA52D91B61290A00E2811D /* Build configuration list for PBXNativeTarget "RippleLayerTests" */ = {
			isa = XCConfigurationList;
			buildConfigurations = (
				26FA52DA1B61290A00E2811D /* Debug */,
				26FA52DB1B61290A00E2811D /* Release */,
			);
			defaultConfigurationIsVisible = 0;
			defaultConfigurationName = Release;
		};
/* End XCConfigurationList section */
	};
	rootObject = 26FA52AF1B61290A00E2811D /* Project object */;
}
